
Microsoft Visual Studio Solution File, Format Version 12.00
# Visual Studio 2015
Project("{FAE04EC0-301F-11D3-BF4B-00C04F79EFBC}") = "RACE_WhiteBox.CSharp", "RACE_WhiteBox.CSharp.csproj", "{EA52492F-F045-9BA6-EFD0-7BE01F4F63BB}"
EndProject
Global
	GlobalSection(SolutionConfigurationPlatforms) = preSolution
		Debug|Any CPU = Debug|Any CPU
		Release|Any CPU = Release|Any CPU
	EndGlobalSection
	GlobalSection(ProjectConfigurationPlatforms) = postSolution
		{EA52492F-F045-9BA6-EFD0-7BE01F4F63BB}.Debug|Any CPU.ActiveCfg = Debug|Any CPU
		{EA52492F-F045-9BA6-EFD0-7BE01F4F63BB}.Debug|Any CPU.Build.0 = Debug|Any CPU
		{EA52492F-F045-9BA6-EFD0-7BE01F4F63BB}.Release|Any CPU.ActiveCfg = Release|Any CPU
		{EA52492F-F045-9BA6-EFD0-7BE01F4F63BB}.Release|Any CPU.Build.0 = Release|Any CPU
	EndGlobalSection
	GlobalSection(SolutionProperties) = preSolution
		HideSolutionNode = FALSE
	EndGlobalSection
EndGlobal
