Microsoft Visual Studio Solution File, Format Version 11.00
# Visual Studio 2008

Project("{11BCD93C-075D-3C49-3D12-BD053000C944}") = "RACE_WhiteBox", "Assembly-CSharp.csproj", "{2C709BD9-50DE-8D39-9A4C-A913360668A2}"
EndProject
Global
	GlobalSection(SolutionConfigurationPlatforms) = preSolution
		Debug|Any CPU = Debug|Any CPU
		Release|Any CPU = Release|Any CPU
	EndGlobalSection
	GlobalSection(ProjectConfigurationPlatforms) = postSolution
		{2C709BD9-50DE-8D39-9A4C-A913360668A2}.Debug|Any CPU.ActiveCfg = Debug|Any CPU
		{2C709BD9-50DE-8D39-9A4C-A913360668A2}.Debug|Any CPU.Build.0 = Debug|Any CPU
		{2C709BD9-50DE-8D39-9A4C-A913360668A2}.Release|Any CPU.ActiveCfg = Release|Any CPU
		{2C709BD9-50DE-8D39-9A4C-A913360668A2}.Release|Any CPU.Build.0 = Release|Any CPU
	EndGlobalSection
	GlobalSection(SolutionProperties) = preSolution
		HideSolutionNode = FALSE
	EndGlobalSection
	GlobalSection(MonoDevelopProperties) = preSolution
		StartupItem = Assembly-CSharp.csproj
	EndGlobalSection
EndGlobal
